
Microsoft Visual Studio Solution File, Format Version 12.00
# Visual Studio Version 16
VisualStudioVersion = 16.0.32510.428
MinimumVisualStudioVersion = 10.0.40219.1
Project("{FAE04EC0-301F-11D3-BF4B-00C04F79EFBC}") = "WebScrupperAPI", "WebScrupperAPI.csproj", "{43255921-DCE3-4BF8-9E7D-52DB75076E75}"
EndProject
Global
	GlobalSection(SolutionConfigurationPlatforms) = preSolution
		Debug|Any CPU = Debug|Any CPU
		Release|Any CPU = Release|Any CPU
	EndGlobalSection
	GlobalSection(ProjectConfigurationPlatforms) = postSolution
		{43255921-DCE3-4BF8-9E7D-52DB75076E75}.Debug|Any CPU.ActiveCfg = Debug|Any CPU
		{43255921-DCE3-4BF8-9E7D-52DB75076E75}.Debug|Any CPU.Build.0 = Debug|Any CPU
		{43255921-DCE3-4BF8-9E7D-52DB75076E75}.Release|Any CPU.ActiveCfg = Release|Any CPU
		{43255921-DCE3-4BF8-9E7D-52DB75076E75}.Release|Any CPU.Build.0 = Release|Any CPU
	EndGlobalSection
	GlobalSection(SolutionProperties) = preSolution
		HideSolutionNode = FALSE
	EndGlobalSection
	GlobalSection(ExtensibilityGlobals) = postSolution
		SolutionGuid = {FBB64C21-0A4B-47BC-9FF5-4FFE635E8F42}
	EndGlobalSection
EndGlobal
